// !$*UTF8*$!
{
	archiveVersion = 1;
	classes = {
	};
	objectVersion = 46;
	objects = {

/* Begin PBXBuildFile section */
		B68FAFC91F3FEE50009C6583 /* main.m in Sources */ = {isa = PBXBuildFile; fileRef = B68FAFC81F3FEE50009C6583 /* main.m */; };
		B68FAFCC1F3FEE50009C6583 /* AppDelegate.m in Sources */ = {isa = PBXBuildFile; fileRef = B68FAFCB1F3FEE50009C6583 /* AppDelegate.m */; };
		B68FAFCF1F3FEE50009C6583 /* ViewController.m in Sources */ = {isa = PBXBuildFile; fileRef = B68FAFCE1F3FEE50009C6583 /* ViewController.m */; };
		B68FAFD21F3FEE50009C6583 /* Main.storyboard in Resources */ = {isa = PBXBuildFile; fileRef = B68FAFD01F3FEE50009C6583 /* Main.storyboard */; };
		B68FAFD41F3FEE50009C6583 /* Assets.xcassets in Resources */ = {isa = PBXBuildFile; fileRef = B68FAFD31F3FEE50009C6583 /* Assets.xcassets */; };
		B68FAFD71F3FEE50009C6583 /* LaunchScreen.storyboard in Resources */ = {isa = PBXBuildFile; fileRef = B68FAFD51F3FEE50009C6583 /* LaunchScreen.storyboard */; };
		B68FAFE21F3FEE50009C6583 /* SeapullTests.m in Sources */ = {isa = PBXBuildFile; fileRef = B68FAFE11F3FEE50009C6583 /* SeapullTests.m */; };
		B68FAFED1F3FEE50009C6583 /* SeapullUITests.m in Sources */ = {isa = PBXBuildFile; fileRef = B68FAFEC1F3FEE50009C6583 /* SeapullUITests.m */; };
/* End PBXBuildFile section */

/* Begin PBXContainerItemProxy section */
		B68FAFDE1F3FEE50009C6583 /* PBXContainerItemProxy */ = {
			isa = PBXContainerItemProxy;
			containerPortal = B68FAFBC1F3FEE50009C6583 /* Project object */;
			proxyType = 1;
			remoteGlobalIDString = B68FAFC31F3FEE50009C6583;
			remoteInfo = Seapull;
		};
		B68FAFE91F3FEE50009C6583 /* PBXContainerItemProxy */ = {
			isa = PBXContainerItemProxy;
			containerPortal = B68FAFBC1F3FEE50009C6583 /* Project object */;
			proxyType = 1;
			remoteGlobalIDString = B68FAFC31F3FEE50009C6583;
			remoteInfo = Seapull;
		};
/* End PBXContainerItemProxy section */

/* Begin PBXFileReference section */
		B68FAFC41F3FEE50009C6583 /* Seapull.app */ = {isa = PBXFileReference; explicitFileType = wrapper.application; includeInIndex = 0; path = Seapull.app; sourceTree = BUILT_PRODUCTS_DIR; };
		B68FAFC81F3FEE50009C6583 /* main.m */ = {isa = PBXFileReference; lastKnownFileType = sourcecode.c.objc; path = main.m; sourceTree = "<group>"; };
		B68FAFCA1F3FEE50009C6583 /* AppDelegate.h */ = {isa = PBXFileReference; lastKnownFileType = sourcecode.c.h; path = AppDelegate.h; sourceTree = "<group>"; };
		B68FAFCB1F3FEE50009C6583 /* AppDelegate.m */ = {isa = PBXFileReference; lastKnownFileType = sourcecode.c.objc; path = AppDelegate.m; sourceTree = "<group>"; };
		B68FAFCD1F3FEE50009C6583 /* ViewController.h */ = {isa = PBXFileReference; lastKnownFileType = sourcecode.c.h; path = ViewController.h; sourceTree = "<group>"; };
		B68FAFCE1F3FEE50009C6583 /* ViewController.m */ = {isa = PBXFileReference; lastKnownFileType = sourcecode.c.objc; path = ViewController.m; sourceTree = "<group>"; };
		B68FAFD11F3FEE50009C6583 /* Base */ = {isa = PBXFileReference; lastKnownFileType = file.storyboard; name = Base; path = Base.lproj/Main.storyboard; sourceTree = "<group>"; };
		B68FAFD31F3FEE50009C6583 /* Assets.xcassets */ = {isa = PBXFileReference; lastKnownFileType = folder.assetcatalog; path = Assets.xcassets; sourceTree = "<group>"; };
		B68FAFD61F3FEE50009C6583 /* Base */ = {isa = PBXFileReference; lastKnownFileType = file.storyboard; name = Base; path = Base.lproj/LaunchScreen.storyboard; sourceTree = "<group>"; };
		B68FAFD81F3FEE50009C6583 /* Info.plist */ = {isa = PBXFileReference; lastKnownFileType = text.plist.xml; path = Info.plist; sourceTree = "<group>"; };
		B68FAFDD1F3FEE50009C6583 /* SeapullTests.xctest */ = {isa = PBXFileReference; explicitFileType = wrapper.cfbundle; includeInIndex = 0; path = SeapullTests.xctest; sourceTree = BUILT_PRODUCTS_DIR; };
		B68FAFE11F3FEE50009C6583 /* SeapullTests.m */ = {isa = PBXFileReference; lastKnownFileType = sourcecode.c.objc; path = SeapullTests.m; sourceTree = "<group>"; };
		B68FAFE31F3FEE50009C6583 /* Info.plist */ = {isa = PBXFileReference; lastKnownFileType = text.plist.xml; path = Info.plist; sourceTree = "<group>"; };
		B68FAFE81F3FEE50009C6583 /* SeapullUITests.xctest */ = {isa = PBXFileReference; explicitFileType = wrapper.cfbundle; includeInIndex = 0; path = SeapullUITests.xctest; sourceTree = BUILT_PRODUCTS_DIR; };
		B68FAFEC1F3FEE50009C6583 /* SeapullUITests.m */ = {isa = PBXFileReference; lastKnownFileType = sourcecode.c.objc; path = SeapullUITests.m; sourceTree = "<group>"; };
		B68FAFEE1F3FEE50009C6583 /* Info.plist */ = {isa = PBXFileReference; lastKnownFileType = text.plist.xml; path = Info.plist; sourceTree = "<group>"; };
/* End PBXFileReference section */

/* Begin PBXFrameworksBuildPhase section */
		B68FAFC11F3FEE50009C6583 /* Frameworks */ = {
			isa = PBXFrameworksBuildPhase;
			buildActionMask = 2147483647;
			files = (
			);
			runOnlyForDeploymentPostprocessing = 0;
		};
		B68FAFDA1F3FEE50009C6583 /* Frameworks */ = {
			isa = PBXFrameworksBuildPhase;
			buildActionMask = 2147483647;
			files = (
			);
			runOnlyForDeploymentPostprocessing = 0;
		};
		B68FAFE51F3FEE50009C6583 /* Frameworks */ = {
			isa = PBXFrameworksBuildPhase;
			buildActionMask = 2147483647;
			files = (
			);
			runOnlyForDeploymentPostprocessing = 0;
		};
/* End PBXFrameworksBuildPhase section */

/* Begin PBXGroup section */
		B68FAFBB1F3FEE50009C6583 = {
			isa = PBXGroup;
			children = (
				B68FAFC61F3FEE50009C6583 /* Seapull */,
				B68FAFE01F3FEE50009C6583 /* SeapullTests */,
				B68FAFEB1F3FEE50009C6583 /* SeapullUITests */,
				B68FAFC51F3FEE50009C6583 /* Products */,
			);
			sourceTree = "<group>";
		};
		B68FAFC51F3FEE50009C6583 /* Products */ = {
			isa = PBXGroup;
			children = (
				B68FAFC41F3FEE50009C6583 /* Seapull.app */,
				B68FAFDD1F3FEE50009C6583 /* SeapullTests.xctest */,
				B68FAFE81F3FEE50009C6583 /* SeapullUITests.xctest */,
			);
			name = Products;
			sourceTree = "<group>";
		};
		B68FAFC61F3FEE50009C6583 /* Seapull */ = {
			isa = PBXGroup;
			children = (
				B68FAFCA1F3FEE50009C6583 /* AppDelegate.h */,
				B68FAFCB1F3FEE50009C6583 /* AppDelegate.m */,
				B68FAFCD1F3FEE50009C6583 /* ViewController.h */,
				B68FAFCE1F3FEE50009C6583 /* ViewController.m */,
				B68FAFD01F3FEE50009C6583 /* Main.storyboard */,
				B68FAFD31F3FEE50009C6583 /* Assets.xcassets */,
				B68FAFD51F3FEE50009C6583 /* LaunchScreen.storyboard */,
				B68FAFD81F3FEE50009C6583 /* Info.plist */,
				B68FAFC71F3FEE50009C6583 /* Supporting Files */,
			);
			path = Seapull;
			sourceTree = "<group>";
		};
		B68FAFC71F3FEE50009C6583 /* Supporting Files */ = {
			isa = PBXGroup;
			children = (
				B68FAFC81F3FEE50009C6583 /* main.m */,
			);
			name = "Supporting Files";
			sourceTree = "<group>";
		};
		B68FAFE01F3FEE50009C6583 /* SeapullTests */ = {
			isa = PBXGroup;
			children = (
				B68FAFE11F3FEE50009C6583 /* SeapullTests.m */,
				B68FAFE31F3FEE50009C6583 /* Info.plist */,
			);
			path = SeapullTests;
			sourceTree = "<group>";
		};
		B68FAFEB1F3FEE50009C6583 /* SeapullUITests */ = {
			isa = PBXGroup;
			children = (
				B68FAFEC1F3FEE50009C6583 /* SeapullUITests.m */,
				B68FAFEE1F3FEE50009C6583 /* Info.plist */,
			);
			path = SeapullUITests;
			sourceTree = "<group>";
		};
/* End PBXGroup section */

/* Begin PBXNativeTarget section */
		B68FAFC31F3FEE50009C6583 /* Seapull */ = {
			isa = PBXNativeTarget;
			buildConfigurationList = B68FAFF11F3FEE50009C6583 /* Build configuration list for PBXNativeTarget "Seapull" */;
			buildPhases = (
				B68FAFC01F3FEE50009C6583 /* Sources */,
				B68FAFC11F3FEE50009C6583 /* Frameworks */,
				B68FAFC21F3FEE50009C6583 /* Resources */,
			);
			buildRules = (
			);
			dependencies = (
			);
			name = Seapull;
			productName = Seapull;
			productReference = B68FAFC41F3FEE50009C6583 /* Seapull.app */;
			productType = "com.apple.product-type.application";
		};
		B68FAFDC1F3FEE50009C6583 /* SeapullTests */ = {
			isa = PBXNativeTarget;
			buildConfigurationList = B68FAFF41F3FEE50009C6583 /* Build configuration list for PBXNativeTarget "SeapullTests" */;
			buildPhases = (
				B68FAFD91F3FEE50009C6583 /* Sources */,
				B68FAFDA1F3FEE50009C6583 /* Frameworks */,
				B68FAFDB1F3FEE50009C6583 /* Resources */,
			);
			buildRules = (
			);
			dependencies = (
				B68FAFDF1F3FEE50009C6583 /* PBXTargetDependency */,
			);
			name = SeapullTests;
			productName = SeapullTests;
			productReference = B68FAFDD1F3FEE50009C6583 /* SeapullTests.xctest */;
			productType = "com.apple.product-type.bundle.unit-test";
		};
		B68FAFE71F3FEE50009C6583 /* SeapullUITests */ = {
			isa = PBXNativeTarget;
			buildConfigurationList = B68FAFF71F3FEE50009C6583 /* Build configuration list for PBXNativeTarget "SeapullUITests" */;
			buildPhases = (
				B68FAFE41F3FEE50009C6583 /* Sources */,
				B68FAFE51F3FEE50009C6583 /* Frameworks */,
				B68FAFE61F3FEE50009C6583 /* Resources */,
			);
			buildRules = (
			);
			dependencies = (
				B68FAFEA1F3FEE50009C6583 /* PBXTargetDependency */,
			);
			name = SeapullUITests;
			productName = SeapullUITests;
			productReference = B68FAFE81F3FEE50009C6583 /* SeapullUITests.xctest */;
			productType = "com.apple.product-type.bundle.ui-testing";
		};
/* End PBXNativeTarget section */

/* Begin PBXProject section */
		B68FAFBC1F3FEE50009C6583 /* Project object */ = {
			isa = PBXProject;
			attributes = {
				LastUpgradeCheck = 0830;
				ORGANIZATIONNAME = RamblingTree;
				TargetAttributes = {
					B68FAFC31F3FEE50009C6583 = {
						CreatedOnToolsVersion = 8.3.3;
						DevelopmentTeam = 3C9462VU8S;
						ProvisioningStyle = Automatic;
					};
					B68FAFDC1F3FEE50009C6583 = {
						CreatedOnToolsVersion = 8.3.3;
						DevelopmentTeam = 3C9462VU8S;
						ProvisioningStyle = Automatic;
						TestTargetID = B68FAFC31F3FEE50009C6583;
					};
					B68FAFE71F3FEE50009C6583 = {
						CreatedOnToolsVersion = 8.3.3;
						DevelopmentTeam = 3C9462VU8S;
						ProvisioningStyle = Automatic;
						TestTargetID = B68FAFC31F3FEE50009C6583;
					};
				};
			};
			buildConfigurationList = B68FAFBF1F3FEE50009C6583 /* Build configuration list for PBXProject "Seapull" */;
			compatibilityVersion = "Xcode 3.2";
			developmentRegion = English;
			hasScannedForEncodings = 0;
			knownRegions = (
				en,
				Base,
			);
			mainGroup = B68FAFBB1F3FEE50009C6583;
			productRefGroup = B68FAFC51F3FEE50009C6583 /* Products */;
			projectDirPath = "";
			projectRoot = "";
			targets = (
				B68FAFC31F3FEE50009C6583 /* Seapull */,
				B68FAFDC1F3FEE50009C6583 /* SeapullTests */,
				B68FAFE71F3FEE50009C6583 /* SeapullUITests */,
			);
		};
/* End PBXProject section */

/* Begin PBXResourcesBuildPhase section */
		B68FAFC21F3FEE50009C6583 /* Resources */ = {
			isa = PBXResourcesBuildPhase;
			buildActionMask = 2147483647;
			files = (
				B68FAFD71F3FEE50009C6583 /* LaunchScreen.storyboard in Resources */,
				B68FAFD41F3FEE50009C6583 /* Assets.xcassets in Resources */,
				B68FAFD21F3FEE50009C6583 /* Main.storyboard in Resources */,
			);
			runOnlyForDeploymentPostprocessing = 0;
		};
		B68FAFDB1F3FEE50009C6583 /* Resources */ = {
			isa = PBXResourcesBuildPhase;
			buildActionMask = 2147483647;
			files = (
			);
			runOnlyForDeploymentPostprocessing = 0;
		};
		B68FAFE61F3FEE50009C6583 /* Resources */ = {
			isa = PBXResourcesBuildPhase;
			buildActionMask = 2147483647;
			files = (
			);
			runOnlyForDeploymentPostprocessing = 0;
		};
/* End PBXResourcesBuildPhase section */

/* Begin PBXSourcesBuildPhase section */
		B68FAFC01F3FEE50009C6583 /* Sources */ = {
			isa = PBXSourcesBuildPhase;
			buildActionMask = 2147483647;
			files = (
				B68FAFCF1F3FEE50009C6583 /* ViewController.m in Sources */,
				B68FAFCC1F3FEE50009C6583 /* AppDelegate.m in Sources */,
				B68FAFC91F3FEE50009C6583 /* main.m in Sources */,
			);
			runOnlyForDeploymentPostprocessing = 0;
		};
		B68FAFD91F3FEE50009C6583 /* Sources */ = {
			isa = PBXSourcesBuildPhase;
			buildActionMask = 2147483647;
			files = (
				B68FAFE21F3FEE50009C6583 /* SeapullTests.m in Sources */,
			);
			runOnlyForDeploymentPostprocessing = 0;
		};
		B68FAFE41F3FEE50009C6583 /* Sources */ = {
			isa = PBXSourcesBuildPhase;
			buildActionMask = 2147483647;
			files = (
				B68FAFED1F3FEE50009C6583 /* SeapullUITests.m in Sources */,
			);
			runOnlyForDeploymentPostprocessing = 0;
		};
/* End PBXSourcesBuildPhase section */

/* Begin PBXTargetDependency section */
		B68FAFDF1F3FEE50009C6583 /* PBXTargetDependency */ = {
			isa = PBXTargetDependency;
			target = B68FAFC31F3FEE50009C6583 /* Seapull */;
			targetProxy = B68FAFDE1F3FEE50009C6583 /* PBXContainerItemProxy */;
		};
		B68FAFEA1F3FEE50009C6583 /* PBXTargetDependency */ = {
			isa = PBXTargetDependency;
			target = B68FAFC31F3FEE50009C6583 /* Seapull */;
			targetProxy = B68FAFE91F3FEE50009C6583 /* PBXContainerItemProxy */;
		};
/* End PBXTargetDependency section */

/* Begin PBXVariantGroup section */
		B68FAFD01F3FEE50009C6583 /* Main.storyboard */ = {
			isa = PBXVariantGroup;
			children = (
				B68FAFD11F3FEE50009C6583 /* Base */,
			);
			name = Main.storyboard;
			sourceTree = "<group>";
		};
		B68FAFD51F3FEE50009C6583 /* LaunchScreen.storyboard */ = {
			isa = PBXVariantGroup;
			children = (
				B68FAFD61F3FEE50009C6583 /* Base */,
			);
			name = LaunchScreen.storyboard;
			sourceTree = "<group>";
		};
/* End PBXVariantGroup section */

/* Begin XCBuildConfiguration section */
		B68FAFEF1F3FEE50009C6583 /* Debug */ = {
			isa = XCBuildConfiguration;
			buildSettings = {
				ALWAYS_SEARCH_USER_PATHS = NO;
				CLANG_ANALYZER_NONNULL = YES;
				CLANG_ANALYZER_NUMBER_OBJECT_CONVERSION = YES_AGGRESSIVE;
				CLANG_CXX_LANGUAGE_STANDARD = "gnu++0x";
				CLANG_CXX_LIBRARY = "libc++";
				CLANG_ENABLE_MODULES = YES;
				CLANG_ENABLE_OBJC_ARC = YES;
				CLANG_WARN_BOOL_CONVERSION = YES;
				CLANG_WARN_CONSTANT_CONVERSION = YES;
				CLANG_WARN_DIRECT_OBJC_ISA_USAGE = YES_ERROR;
				CLANG_WARN_DOCUMENTATION_COMMENTS = YES;
				CLANG_WARN_EMPTY_BODY = YES;
				CLANG_WARN_ENUM_CONVERSION = YES;
				CLANG_WARN_INFINITE_RECURSION = YES;
				CLANG_WARN_INT_CONVERSION = YES;
				CLANG_WARN_OBJC_ROOT_CLASS = YES_ERROR;
				CLANG_WARN_SUSPICIOUS_MOVE = YES;
				CLANG_WARN_UNREACHABLE_CODE = YES;
				CLANG_WARN__DUPLICATE_METHOD_MATCH = YES;
				"CODE_SIGN_IDENTITY[sdk=iphoneos*]" = "iPhone Developer";
				COPY_PHASE_STRIP = NO;
				DEBUG_INFORMATION_FORMAT = dwarf;
				ENABLE_STRICT_OBJC_MSGSEND = YES;
				ENABLE_TESTABILITY = YES;
				GCC_C_LANGUAGE_STANDARD = gnu99;
				GCC_DYNAMIC_NO_PIC = NO;
				GCC_NO_COMMON_BLOCKS = YES;
				GCC_OPTIMIZATION_LEVEL = 0;
				GCC_PREPROCESSOR_DEFINITIONS = (
					"DEBUG=1",
					"$(inherited)",
				);
				GCC_WARN_64_TO_32_BIT_CONVERSION = YES;
				GCC_WARN_ABOUT_RETURN_TYPE = YES_ERROR;
				GCC_WARN_UNDECLARED_SELECTOR = YES;
				GCC_WARN_UNINITIALIZED_AUTOS = YES_AGGRESSIVE;
				GCC_WARN_UNUSED_FUNCTION = YES;
				GCC_WARN_UNUSED_VARIABLE = YES;
				IPHONEOS_DEPLOYMENT_TARGET = 10.3;
				MTL_ENABLE_DEBUG_INFO = YES;
				ONLY_ACTIVE_ARCH = YES;
				SDKROOT = iphoneos;
				TARGETED_DEVICE_FAMILY = "1,2";
			};
			name = Debug;
		};
		B68FAFF01F3FEE50009C6583 /* Release */ = {
			isa = XCBuildConfiguration;
			buildSettings = {
				ALWAYS_SEARCH_USER_PATHS = NO;
				CLANG_ANALYZER_NONNULL = YES;
				CLANG_ANALYZER_NUMBER_OBJECT_CONVERSION = YES_AGGRESSIVE;
				CLANG_CXX_LANGUAGE_STANDARD = "gnu++0x";
				CLANG_CXX_LIBRARY = "libc++";
				CLANG_ENABLE_MODULES = YES;
				CLANG_ENABLE_OBJC_ARC = YES;
				CLANG_WARN_BOOL_CONVERSION = YES;
				CLANG_WARN_CONSTANT_CONVERSION = YES;
				CLANG_WARN_DIRECT_OBJC_ISA_USAGE = YES_ERROR;
				CLANG_WARN_DOCUMENTATION_COMMENTS = YES;
				CLANG_WARN_EMPTY_BODY = YES;
				CLANG_WARN_ENUM_CONVERSION = YES;
				CLANG_WARN_INFINITE_RECURSION = YES;
				CLANG_WARN_INT_CONVERSION = YES;
				CLANG_WARN_OBJC_ROOT_CLASS = YES_ERROR;
				CLANG_WARN_SUSPICIOUS_MOVE = YES;
				CLANG_WARN_UNREACHABLE_CODE = YES;
				CLANG_WARN__DUPLICATE_METHOD_MATCH = YES;
				"CODE_SIGN_IDENTITY[sdk=iphoneos*]" = "iPhone Developer";
				COPY_PHASE_STRIP = NO;
				DEBUG_INFORMATION_FORMAT = "dwarf-with-dsym";
				ENABLE_NS_ASSERTIONS = NO;
				ENABLE_STRICT_OBJC_MSGSEND = YES;
				GCC_C_LANGUAGE_STANDARD = gnu99;
				GCC_NO_COMMON_BLOCKS = YES;
				GCC_WARN_64_TO_32_BIT_CONVERSION = YES;
				GCC_WARN_ABOUT_RETURN_TYPE = YES_ERROR;
				GCC_WARN_UNDECLARED_SELECTOR = YES;
				GCC_WARN_UNINITIALIZED_AUTOS = YES_AGGRESSIVE;
				GCC_WARN_UNUSED_FUNCTION = YES;
				GCC_WARN_UNUSED_VARIABLE = YES;
				IPHONEOS_DEPLOYMENT_TARGET = 10.3;
				MTL_ENABLE_DEBUG_INFO = NO;
				SDKROOT = iphoneos;
				TARGETED_DEVICE_FAMILY = "1,2";
				VALIDATE_PRODUCT = YES;
			};
			name = Release;
		};
		B68FAFF21F3FEE50009C6583 /* Debug */ = {
			isa = XCBuildConfiguration;
			buildSettings = {
				ASSETCATALOG_COMPILER_APPICON_NAME = AppIcon;
				DEVELOPMENT_TEAM = 3C9462VU8S;
				INFOPLIST_FILE = Seapull/Info.plist;
				LD_RUNPATH_SEARCH_PATHS = "$(inherited) @executable_path/Frameworks";
				PRODUCT_BUNDLE_IDENTIFIER = com.RamblingTree.SeaPull.Seapull;
				PRODUCT_NAME = "$(TARGET_NAME)";
			};
			name = Debug;
		};
		B68FAFF31F3FEE50009C6583 /* Release */ = {
			isa = XCBuildConfiguration;
			buildSettings = {
				ASSETCATALOG_COMPILER_APPICON_NAME = AppIcon;
				DEVELOPMENT_TEAM = 3C9462VU8S;
				INFOPLIST_FILE = Seapull/Info.plist;
				LD_RUNPATH_SEARCH_PATHS = "$(inherited) @executable_path/Frameworks";
				PRODUCT_BUNDLE_IDENTIFIER = com.RamblingTree.SeaPull.Seapull;
				PRODUCT_NAME = "$(TARGET_NAME)";
			};
			name = Release;
		};
		B68FAFF51F3FEE50009C6583 /* Debug */ = {
			isa = XCBuildConfiguration;
			buildSettings = {
				BUNDLE_LOADER = "$(TEST_HOST)";
				DEVELOPMENT_TEAM = 3C9462VU8S;
				INFOPLIST_FILE = SeapullTests/Info.plist;
				LD_RUNPATH_SEARCH_PATHS = "$(inherited) @executable_path/Frameworks @loader_path/Frameworks";
				PRODUCT_BUNDLE_IDENTIFIER = com.RamblingTree.SeaPull.SeapullTests;
				PRODUCT_NAME = "$(TARGET_NAME)";
				TEST_HOST = "$(BUILT_PRODUCTS_DIR)/Seapull.app/Seapull";
			};
			name = Debug;
		};
		B68FAFF61F3FEE50009C6583 /* Release */ = {
			isa = XCBuildConfiguration;
			buildSettings = {
				BUNDLE_LOADER = "$(TEST_HOST)";
				DEVELOPMENT_TEAM = 3C9462VU8S;
				INFOPLIST_FILE = SeapullTests/Info.plist;
				LD_RUNPATH_SEARCH_PATHS = "$(inherited) @executable_path/Frameworks @loader_path/Frameworks";
				PRODUCT_BUNDLE_IDENTIFIER = com.RamblingTree.SeaPull.SeapullTests;
				PRODUCT_NAME = "$(TARGET_NAME)";
				TEST_HOST = "$(BUILT_PRODUCTS_DIR)/Seapull.app/Seapull";
			};
			name = Release;
		};
		B68FAFF81F3FEE50009C6583 /* Debug */ = {
			isa = XCBuildConfiguration;
			buildSettings = {
				DEVELOPMENT_TEAM = 3C9462VU8S;
				INFOPLIST_FILE = SeapullUITests/Info.plist;
				LD_RUNPATH_SEARCH_PATHS = "$(inherited) @executable_path/Frameworks @loader_path/Frameworks";
				PRODUCT_BUNDLE_IDENTIFIER = com.RamblingTree.SeaPull.SeapullUITests;
				PRODUCT_NAME = "$(TARGET_NAME)";
				TEST_TARGET_NAME = Seapull;
			};
			name = Debug;
		};
		B68FAFF91F3FEE50009C6583 /* Release */ = {
			isa = XCBuildConfiguration;
			buildSettings = {
				DEVELOPMENT_TEAM = 3C9462VU8S;
				INFOPLIST_FILE = SeapullUITests/Info.plist;
				LD_RUNPATH_SEARCH_PATHS = "$(inherited) @executable_path/Frameworks @loader_path/Frameworks";
				PRODUCT_BUNDLE_IDENTIFIER = com.RamblingTree.SeaPull.SeapullUITests;
				PRODUCT_NAME = "$(TARGET_NAME)";
				TEST_TARGET_NAME = Seapull;
			};
			name = Release;
		};
/* End XCBuildConfiguration section */

/* Begin XCConfigurationList section */
		B68FAFBF1F3FEE50009C6583 /* Build configuration list for PBXProject "Seapull" */ = {
			isa = XCConfigurationList;
			buildConfigurations = (
				B68FAFEF1F3FEE50009C6583 /* Debug */,
				B68FAFF01F3FEE50009C6583 /* Release */,
			);
			defaultConfigurationIsVisible = 0;
			defaultConfigurationName = Release;
		};
		B68FAFF11F3FEE50009C6583 /* Build configuration list for PBXNativeTarget "Seapull" */ = {
			isa = XCConfigurationList;
			buildConfigurations = (
				B68FAFF21F3FEE50009C6583 /* Debug */,
				B68FAFF31F3FEE50009C6583 /* Release */,
			);
			defaultConfigurationIsVisible = 0;
		};
		B68FAFF41F3FEE50009C6583 /* Build configuration list for PBXNativeTarget "SeapullTests" */ = {
			isa = XCConfigurationList;
			buildConfigurations = (
				B68FAFF51F3FEE50009C6583 /* Debug */,
				B68FAFF61F3FEE50009C6583 /* Release */,
			);
			defaultConfigurationIsVisible = 0;
		};
		B68FAFF71F3FEE50009C6583 /* Build configuration list for PBXNativeTarget "SeapullUITests" */ = {
			isa = XCConfigurationList;
			buildConfigurations = (
				B68FAFF81F3FEE50009C6583 /* Debug */,
				B68FAFF91F3FEE50009C6583 /* Release */,
			);
			defaultConfigurationIsVisible = 0;
		};
/* End XCConfigurationList section */
	};
	rootObject = B68FAFBC1F3FEE50009C6583 /* Project object */;
}
